
Microsoft Visual Studio Solution File, Format Version 12.00
Project("{FAE04EC0-301F-11D3-BF4B-00C04F79EFBC}") = "notifications", "notifications\notifications.csproj", "{E66BBB7C-C278-4135-96B4-1F70686B66EF}"
EndProject
Project("{F2A71F9B-5D33-465A-A702-920D77279786}") = "shared", "shared\shared.fsproj", "{267A5819-DD98-47B8-B470-7A027778A03B}"
EndProject
Project("{F2A71F9B-5D33-465A-A702-920D77279786}") = "votes", "votes\votes.fsproj", "{E52F805F-DCF2-4F1D-8A76-4974CA4FF930}"
EndProject
Global
	GlobalSection(SolutionConfigurationPlatforms) = preSolution
		Debug|Any CPU = Debug|Any CPU
		Release|Any CPU = Release|Any CPU
	EndGlobalSection
	GlobalSection(ProjectConfigurationPlatforms) = postSolution
		{E66BBB7C-C278-4135-96B4-1F70686B66EF}.Debug|Any CPU.ActiveCfg = Debug|Any CPU
		{E66BBB7C-C278-4135-96B4-1F70686B66EF}.Debug|Any CPU.Build.0 = Debug|Any CPU
		{E66BBB7C-C278-4135-96B4-1F70686B66EF}.Release|Any CPU.ActiveCfg = Release|Any CPU
		{E66BBB7C-C278-4135-96B4-1F70686B66EF}.Release|Any CPU.Build.0 = Release|Any CPU
		{267A5819-DD98-47B8-B470-7A027778A03B}.Debug|Any CPU.ActiveCfg = Debug|Any CPU
		{267A5819-DD98-47B8-B470-7A027778A03B}.Debug|Any CPU.Build.0 = Debug|Any CPU
		{267A5819-DD98-47B8-B470-7A027778A03B}.Release|Any CPU.ActiveCfg = Release|Any CPU
		{267A5819-DD98-47B8-B470-7A027778A03B}.Release|Any CPU.Build.0 = Release|Any CPU
		{E52F805F-DCF2-4F1D-8A76-4974CA4FF930}.Debug|Any CPU.ActiveCfg = Debug|Any CPU
		{E52F805F-DCF2-4F1D-8A76-4974CA4FF930}.Debug|Any CPU.Build.0 = Debug|Any CPU
		{E52F805F-DCF2-4F1D-8A76-4974CA4FF930}.Release|Any CPU.ActiveCfg = Release|Any CPU
		{E52F805F-DCF2-4F1D-8A76-4974CA4FF930}.Release|Any CPU.Build.0 = Release|Any CPU
	EndGlobalSection
EndGlobal
